
Microsoft Visual Studio Solution File, Format Version 12.00
# Visual Studio Version 16
VisualStudioVersion = 16.0.31229.75
MinimumVisualStudioVersion = 10.0.40219.1
Project("{2150E333-8FDC-42A3-9474-1A3956D46DE8}") = "src", "src", "{0E04BD16-EB1C-44F4-BB8F-AC90E53B5787}"
EndProject
Project("{9A19103F-16F7-4668-BE54-9A1E7A4F7556}") = "KMOG.PaperAPI", "src\KMOG.PaperAPI\KMOG.PaperAPI.csproj", "{AB81B787-3280-4B0D-A9E5-DA7ADE46C681}"
EndProject
Project("{9A19103F-16F7-4668-BE54-9A1E7A4F7556}") = "KMOG.Papers.Domains", "src\Domains\KMOG.Papers.Domains\KMOG.Papers.Domains.csproj", "{29B1CAF2-A00A-4A05-8EDE-5095899CE2D2}"
EndProject
Project("{2150E333-8FDC-42A3-9474-1A3956D46DE8}") = "Domains", "Domains", "{8CAF14D7-2ED5-4FFE-A4F0-C249C50EFEEA}"
EndProject
Project("{9A19103F-16F7-4668-BE54-9A1E7A4F7556}") = "BuildingBlocks.Domains", "src\Domains\BuildingBlocks.Domains\BuildingBlocks.Domains.csproj", "{5C8F21C6-92FE-4317-9FA3-C14AF6AC5D52}"
EndProject
Project("{2150E333-8FDC-42A3-9474-1A3956D46DE8}") = "tests", "tests", "{F01855CB-D3ED-4409-B590-2C545BB91CDC}"
EndProject
Project("{FAE04EC0-301F-11D3-BF4B-00C04F79EFBC}") = "KMOG.PaperTests", "tests\KMOG.PaperTests\KMOG.PaperTests.csproj", "{EC5CB50F-2BC5-477C-B589-9B289D2A4270}"
EndProject
Project("{2150E333-8FDC-42A3-9474-1A3956D46DE8}") = "Applications", "Applications", "{BCD098BA-7C81-4175-B827-4C795DF2D23E}"
EndProject
Project("{2150E333-8FDC-42A3-9474-1A3956D46DE8}") = "Infrastructures", "Infrastructures", "{2ECBCD9D-2056-4CB6-B3AA-483955407FE7}"
EndProject
Project("{FAE04EC0-301F-11D3-BF4B-00C04F79EFBC}") = "BuildingBlocks.Infrastructures", "src\Infrastructures\BuildBlocks.Infrastructures\BuildingBlocks.Infrastructures.csproj", "{4BA9009D-9326-4CCD-81A2-487054245B93}"
EndProject
Project("{FAE04EC0-301F-11D3-BF4B-00C04F79EFBC}") = "KMOG.Paper.Infrastructures", "src\Infrastructures\KMOG.Paper.Infrastructures\KMOG.Paper.Infrastructures.csproj", "{0DD8B5A7-F990-4AFA-9FD9-2A4FF6C0B834}"
EndProject
Global
	GlobalSection(SolutionConfigurationPlatforms) = preSolution
		Debug|Any CPU = Debug|Any CPU
		Release|Any CPU = Release|Any CPU
	EndGlobalSection
	GlobalSection(ProjectConfigurationPlatforms) = postSolution
		{AB81B787-3280-4B0D-A9E5-DA7ADE46C681}.Debug|Any CPU.ActiveCfg = Debug|Any CPU
		{AB81B787-3280-4B0D-A9E5-DA7ADE46C681}.Debug|Any CPU.Build.0 = Debug|Any CPU
		{AB81B787-3280-4B0D-A9E5-DA7ADE46C681}.Release|Any CPU.ActiveCfg = Release|Any CPU
		{AB81B787-3280-4B0D-A9E5-DA7ADE46C681}.Release|Any CPU.Build.0 = Release|Any CPU
		{29B1CAF2-A00A-4A05-8EDE-5095899CE2D2}.Debug|Any CPU.ActiveCfg = Debug|Any CPU
		{29B1CAF2-A00A-4A05-8EDE-5095899CE2D2}.Debug|Any CPU.Build.0 = Debug|Any CPU
		{29B1CAF2-A00A-4A05-8EDE-5095899CE2D2}.Release|Any CPU.ActiveCfg = Release|Any CPU
		{29B1CAF2-A00A-4A05-8EDE-5095899CE2D2}.Release|Any CPU.Build.0 = Release|Any CPU
		{5C8F21C6-92FE-4317-9FA3-C14AF6AC5D52}.Debug|Any CPU.ActiveCfg = Debug|Any CPU
		{5C8F21C6-92FE-4317-9FA3-C14AF6AC5D52}.Debug|Any CPU.Build.0 = Debug|Any CPU
		{5C8F21C6-92FE-4317-9FA3-C14AF6AC5D52}.Release|Any CPU.ActiveCfg = Release|Any CPU
		{5C8F21C6-92FE-4317-9FA3-C14AF6AC5D52}.Release|Any CPU.Build.0 = Release|Any CPU
		{EC5CB50F-2BC5-477C-B589-9B289D2A4270}.Debug|Any CPU.ActiveCfg = Debug|Any CPU
		{EC5CB50F-2BC5-477C-B589-9B289D2A4270}.Debug|Any CPU.Build.0 = Debug|Any CPU
		{EC5CB50F-2BC5-477C-B589-9B289D2A4270}.Release|Any CPU.ActiveCfg = Release|Any CPU
		{EC5CB50F-2BC5-477C-B589-9B289D2A4270}.Release|Any CPU.Build.0 = Release|Any CPU
		{4BA9009D-9326-4CCD-81A2-487054245B93}.Debug|Any CPU.ActiveCfg = Debug|Any CPU
		{4BA9009D-9326-4CCD-81A2-487054245B93}.Debug|Any CPU.Build.0 = Debug|Any CPU
		{4BA9009D-9326-4CCD-81A2-487054245B93}.Release|Any CPU.ActiveCfg = Release|Any CPU
		{4BA9009D-9326-4CCD-81A2-487054245B93}.Release|Any CPU.Build.0 = Release|Any CPU
		{0DD8B5A7-F990-4AFA-9FD9-2A4FF6C0B834}.Debug|Any CPU.ActiveCfg = Debug|Any CPU
		{0DD8B5A7-F990-4AFA-9FD9-2A4FF6C0B834}.Debug|Any CPU.Build.0 = Debug|Any CPU
		{0DD8B5A7-F990-4AFA-9FD9-2A4FF6C0B834}.Release|Any CPU.ActiveCfg = Release|Any CPU
		{0DD8B5A7-F990-4AFA-9FD9-2A4FF6C0B834}.Release|Any CPU.Build.0 = Release|Any CPU
	EndGlobalSection
	GlobalSection(SolutionProperties) = preSolution
		HideSolutionNode = FALSE
	EndGlobalSection
	GlobalSection(NestedProjects) = preSolution
		{AB81B787-3280-4B0D-A9E5-DA7ADE46C681} = {0E04BD16-EB1C-44F4-BB8F-AC90E53B5787}
		{29B1CAF2-A00A-4A05-8EDE-5095899CE2D2} = {8CAF14D7-2ED5-4FFE-A4F0-C249C50EFEEA}
		{8CAF14D7-2ED5-4FFE-A4F0-C249C50EFEEA} = {0E04BD16-EB1C-44F4-BB8F-AC90E53B5787}
		{5C8F21C6-92FE-4317-9FA3-C14AF6AC5D52} = {8CAF14D7-2ED5-4FFE-A4F0-C249C50EFEEA}
		{EC5CB50F-2BC5-477C-B589-9B289D2A4270} = {F01855CB-D3ED-4409-B590-2C545BB91CDC}
		{BCD098BA-7C81-4175-B827-4C795DF2D23E} = {0E04BD16-EB1C-44F4-BB8F-AC90E53B5787}
		{2ECBCD9D-2056-4CB6-B3AA-483955407FE7} = {0E04BD16-EB1C-44F4-BB8F-AC90E53B5787}
		{4BA9009D-9326-4CCD-81A2-487054245B93} = {2ECBCD9D-2056-4CB6-B3AA-483955407FE7}
		{0DD8B5A7-F990-4AFA-9FD9-2A4FF6C0B834} = {2ECBCD9D-2056-4CB6-B3AA-483955407FE7}
	EndGlobalSection
	GlobalSection(ExtensibilityGlobals) = postSolution
		SolutionGuid = {D95E383D-6859-4929-AEBC-DFAD0E440148}
	EndGlobalSection
EndGlobal
